// !$*UTF8*$!
{
	archiveVersion = 1;
	classes = {
	};
	objectVersion = 46;
	objects = {

/* Begin PBXBuildFile section */
		811C28EC1B384DEC00FE5B06 /* LoginViewController.m in Sources */ = {isa = PBXBuildFile; fileRef = 811C28EB1B384DEC00FE5B06 /* LoginViewController.m */; };
		811C28F21B38530300FE5B06 /* BarrierViewController.m in Sources */ = {isa = PBXBuildFile; fileRef = 811C28EF1B38530300FE5B06 /* BarrierViewController.m */; };
		811C28F31B38530300FE5B06 /* DCViewController.m in Sources */ = {isa = PBXBuildFile; fileRef = 811C28F11B38530300FE5B06 /* DCViewController.m */; };
		815D8F921B36DB4700E3260D /* main.m in Sources */ = {isa = PBXBuildFile; fileRef = 815D8F911B36DB4700E3260D /* main.m */; };
		815D8F951B36DB4700E3260D /* AppDelegate.m in Sources */ = {isa = PBXBuildFile; fileRef = 815D8F941B36DB4700E3260D /* AppDelegate.m */; };
		815D8F9B1B36DB4700E3260D /* Main.storyboard in Resources */ = {isa = PBXBuildFile; fileRef = 815D8F991B36DB4700E3260D /* Main.storyboard */; };
		815D8F9D1B36DB4700E3260D /* Images.xcassets in Resources */ = {isa = PBXBuildFile; fileRef = 815D8F9C1B36DB4700E3260D /* Images.xcassets */; };
		815D8FA01B36DB4700E3260D /* LaunchScreen.xib in Resources */ = {isa = PBXBuildFile; fileRef = 815D8F9E1B36DB4700E3260D /* LaunchScreen.xib */; };
		815D8FAC1B36DB4700E3260D /* Condition_ViewControllerTests.m in Sources */ = {isa = PBXBuildFile; fileRef = 815D8FAB1B36DB4700E3260D /* Condition_ViewControllerTests.m */; };
		815D8FBA1B36EA9C00E3260D /* FirstViewController.m in Sources */ = {isa = PBXBuildFile; fileRef = 815D8FB91B36EA9C00E3260D /* FirstViewController.m */; };
		815D8FBD1B36EB5600E3260D /* SecondViewController.m in Sources */ = {isa = PBXBuildFile; fileRef = 815D8FBC1B36EB5600E3260D /* SecondViewController.m */; };
/* End PBXBuildFile section */

/* Begin PBXContainerItemProxy section */
		815D8FA61B36DB4700E3260D /* PBXContainerItemProxy */ = {
			isa = PBXContainerItemProxy;
			containerPortal = 815D8F841B36DB4700E3260D /* Project object */;
			proxyType = 1;
			remoteGlobalIDString = 815D8F8B1B36DB4700E3260D;
			remoteInfo = "Condition ViewController";
		};
/* End PBXContainerItemProxy section */

/* Begin PBXFileReference section */
		811C28EA1B384DEC00FE5B06 /* LoginViewController.h */ = {isa = PBXFileReference; fileEncoding = 4; lastKnownFileType = sourcecode.c.h; path = LoginViewController.h; sourceTree = "<group>"; };
		811C28EB1B384DEC00FE5B06 /* LoginViewController.m */ = {isa = PBXFileReference; fileEncoding = 4; lastKnownFileType = sourcecode.c.objc; path = LoginViewController.m; sourceTree = "<group>"; };
		811C28EE1B38530300FE5B06 /* BarrierViewController.h */ = {isa = PBXFileReference; fileEncoding = 4; lastKnownFileType = sourcecode.c.h; path = BarrierViewController.h; sourceTree = "<group>"; };
		811C28EF1B38530300FE5B06 /* BarrierViewController.m */ = {isa = PBXFileReference; fileEncoding = 4; lastKnownFileType = sourcecode.c.objc; path = BarrierViewController.m; sourceTree = "<group>"; };
		811C28F01B38530300FE5B06 /* DCViewController.h */ = {isa = PBXFileReference; fileEncoding = 4; lastKnownFileType = sourcecode.c.h; path = DCViewController.h; sourceTree = "<group>"; };
		811C28F11B38530300FE5B06 /* DCViewController.m */ = {isa = PBXFileReference; fileEncoding = 4; lastKnownFileType = sourcecode.c.objc; path = DCViewController.m; sourceTree = "<group>"; };
		815D8F8C1B36DB4700E3260D /* Condition ViewController.app */ = {isa = PBXFileReference; explicitFileType = wrapper.application; includeInIndex = 0; path = "Condition ViewController.app"; sourceTree = BUILT_PRODUCTS_DIR; };
		815D8F901B36DB4700E3260D /* Info.plist */ = {isa = PBXFileReference; lastKnownFileType = text.plist.xml; path = Info.plist; sourceTree = "<group>"; };
		815D8F911B36DB4700E3260D /* main.m */ = {isa = PBXFileReference; lastKnownFileType = sourcecode.c.objc; path = main.m; sourceTree = "<group>"; };
		815D8F931B36DB4700E3260D /* AppDelegate.h */ = {isa = PBXFileReference; lastKnownFileType = sourcecode.c.h; path = AppDelegate.h; sourceTree = "<group>"; };
		815D8F941B36DB4700E3260D /* AppDelegate.m */ = {isa = PBXFileReference; lastKnownFileType = sourcecode.c.objc; path = AppDelegate.m; sourceTree = "<group>"; };
		815D8F9A1B36DB4700E3260D /* Base */ = {isa = PBXFileReference; lastKnownFileType = file.storyboard; name = Base; path = Base.lproj/Main.storyboard; sourceTree = "<group>"; };
		815D8F9C1B36DB4700E3260D /* Images.xcassets */ = {isa = PBXFileReference; lastKnownFileType = folder.assetcatalog; path = Images.xcassets; sourceTree = "<group>"; };
		815D8F9F1B36DB4700E3260D /* Base */ = {isa = PBXFileReference; lastKnownFileType = file.xib; name = Base; path = Base.lproj/LaunchScreen.xib; sourceTree = "<group>"; };
		815D8FA51B36DB4700E3260D /* Condition ViewControllerTests.xctest */ = {isa = PBXFileReference; explicitFileType = wrapper.cfbundle; includeInIndex = 0; path = "Condition ViewControllerTests.xctest"; sourceTree = BUILT_PRODUCTS_DIR; };
		815D8FAA1B36DB4700E3260D /* Info.plist */ = {isa = PBXFileReference; lastKnownFileType = text.plist.xml; path = Info.plist; sourceTree = "<group>"; };
		815D8FAB1B36DB4700E3260D /* Condition_ViewControllerTests.m */ = {isa = PBXFileReference; lastKnownFileType = sourcecode.c.objc; path = Condition_ViewControllerTests.m; sourceTree = "<group>"; };
		815D8FB81B36EA9C00E3260D /* FirstViewController.h */ = {isa = PBXFileReference; fileEncoding = 4; lastKnownFileType = sourcecode.c.h; path = FirstViewController.h; sourceTree = "<group>"; };
		815D8FB91B36EA9C00E3260D /* FirstViewController.m */ = {isa = PBXFileReference; fileEncoding = 4; lastKnownFileType = sourcecode.c.objc; path = FirstViewController.m; sourceTree = "<group>"; };
		815D8FBB1B36EB5600E3260D /* SecondViewController.h */ = {isa = PBXFileReference; fileEncoding = 4; lastKnownFileType = sourcecode.c.h; path = SecondViewController.h; sourceTree = "<group>"; };
		815D8FBC1B36EB5600E3260D /* SecondViewController.m */ = {isa = PBXFileReference; fileEncoding = 4; lastKnownFileType = sourcecode.c.objc; path = SecondViewController.m; sourceTree = "<group>"; };
/* End PBXFileReference section */

/* Begin PBXFrameworksBuildPhase section */
		815D8F891B36DB4700E3260D /* Frameworks */ = {
			isa = PBXFrameworksBuildPhase;
			buildActionMask = 2147483647;
			files = (
			);
			runOnlyForDeploymentPostprocessing = 0;
		};
		815D8FA21B36DB4700E3260D /* Frameworks */ = {
			isa = PBXFrameworksBuildPhase;
			buildActionMask = 2147483647;
			files = (
			);
			runOnlyForDeploymentPostprocessing = 0;
		};
/* End PBXFrameworksBuildPhase section */

/* Begin PBXGroup section */
		811C28ED1B38530300FE5B06 /* DCViewController */ = {
			isa = PBXGroup;
			children = (
				811C28EE1B38530300FE5B06 /* BarrierViewController.h */,
				811C28EF1B38530300FE5B06 /* BarrierViewController.m */,
				811C28F01B38530300FE5B06 /* DCViewController.h */,
				811C28F11B38530300FE5B06 /* DCViewController.m */,
			);
			path = DCViewController;
			sourceTree = "<group>";
		};
		815D8F831B36DB4700E3260D = {
			isa = PBXGroup;
			children = (
				815D8F8E1B36DB4700E3260D /* Condition ViewController */,
				815D8FA81B36DB4700E3260D /* Condition ViewControllerTests */,
				815D8F8D1B36DB4700E3260D /* Products */,
			);
			sourceTree = "<group>";
		};
		815D8F8D1B36DB4700E3260D /* Products */ = {
			isa = PBXGroup;
			children = (
				815D8F8C1B36DB4700E3260D /* Condition ViewController.app */,
				815D8FA51B36DB4700E3260D /* Condition ViewControllerTests.xctest */,
			);
			name = Products;
			sourceTree = "<group>";
		};
		815D8F8E1B36DB4700E3260D /* Condition ViewController */ = {
			isa = PBXGroup;
			children = (
				811C28ED1B38530300FE5B06 /* DCViewController */,
				815D8F931B36DB4700E3260D /* AppDelegate.h */,
				815D8F941B36DB4700E3260D /* AppDelegate.m */,
				815D8FB81B36EA9C00E3260D /* FirstViewController.h */,
				815D8FB91B36EA9C00E3260D /* FirstViewController.m */,
				815D8FBB1B36EB5600E3260D /* SecondViewController.h */,
				815D8FBC1B36EB5600E3260D /* SecondViewController.m */,
				811C28EA1B384DEC00FE5B06 /* LoginViewController.h */,
				811C28EB1B384DEC00FE5B06 /* LoginViewController.m */,
				815D8F991B36DB4700E3260D /* Main.storyboard */,
				815D8F9C1B36DB4700E3260D /* Images.xcassets */,
				815D8F9E1B36DB4700E3260D /* LaunchScreen.xib */,
				815D8F8F1B36DB4700E3260D /* Supporting Files */,
			);
			path = "Condition ViewController";
			sourceTree = "<group>";
		};
		815D8F8F1B36DB4700E3260D /* Supporting Files */ = {
			isa = PBXGroup;
			children = (
				815D8F901B36DB4700E3260D /* Info.plist */,
				815D8F911B36DB4700E3260D /* main.m */,
			);
			name = "Supporting Files";
			sourceTree = "<group>";
		};
		815D8FA81B36DB4700E3260D /* Condition ViewControllerTests */ = {
			isa = PBXGroup;
			children = (
				815D8FAB1B36DB4700E3260D /* Condition_ViewControllerTests.m */,
				815D8FA91B36DB4700E3260D /* Supporting Files */,
			);
			path = "Condition ViewControllerTests";
			sourceTree = "<group>";
		};
		815D8FA91B36DB4700E3260D /* Supporting Files */ = {
			isa = PBXGroup;
			children = (
				815D8FAA1B36DB4700E3260D /* Info.plist */,
			);
			name = "Supporting Files";
			sourceTree = "<group>";
		};
/* End PBXGroup section */

/* Begin PBXNativeTarget section */
		815D8F8B1B36DB4700E3260D /* Condition ViewController */ = {
			isa = PBXNativeTarget;
			buildConfigurationList = 815D8FAF1B36DB4700E3260D /* Build configuration list for PBXNativeTarget "Condition ViewController" */;
			buildPhases = (
				815D8F881B36DB4700E3260D /* Sources */,
				815D8F891B36DB4700E3260D /* Frameworks */,
				815D8F8A1B36DB4700E3260D /* Resources */,
			);
			buildRules = (
			);
			dependencies = (
			);
			name = "Condition ViewController";
			productName = "Condition ViewController";
			productReference = 815D8F8C1B36DB4700E3260D /* Condition ViewController.app */;
			productType = "com.apple.product-type.application";
		};
		815D8FA41B36DB4700E3260D /* Condition ViewControllerTests */ = {
			isa = PBXNativeTarget;
			buildConfigurationList = 815D8FB21B36DB4700E3260D /* Build configuration list for PBXNativeTarget "Condition ViewControllerTests" */;
			buildPhases = (
				815D8FA11B36DB4700E3260D /* Sources */,
				815D8FA21B36DB4700E3260D /* Frameworks */,
				815D8FA31B36DB4700E3260D /* Resources */,
			);
			buildRules = (
			);
			dependencies = (
				815D8FA71B36DB4700E3260D /* PBXTargetDependency */,
			);
			name = "Condition ViewControllerTests";
			productName = "Condition ViewControllerTests";
			productReference = 815D8FA51B36DB4700E3260D /* Condition ViewControllerTests.xctest */;
			productType = "com.apple.product-type.bundle.unit-test";
		};
/* End PBXNativeTarget section */

/* Begin PBXProject section */
		815D8F841B36DB4700E3260D /* Project object */ = {
			isa = PBXProject;
			attributes = {
				LastUpgradeCheck = 0630;
				ORGANIZATIONNAME = DC;
				TargetAttributes = {
					815D8F8B1B36DB4700E3260D = {
						CreatedOnToolsVersion = 6.3.2;
					};
					815D8FA41B36DB4700E3260D = {
						CreatedOnToolsVersion = 6.3.2;
						TestTargetID = 815D8F8B1B36DB4700E3260D;
					};
				};
			};
			buildConfigurationList = 815D8F871B36DB4700E3260D /* Build configuration list for PBXProject "Condition ViewController" */;
			compatibilityVersion = "Xcode 3.2";
			developmentRegion = English;
			hasScannedForEncodings = 0;
			knownRegions = (
				en,
				Base,
			);
			mainGroup = 815D8F831B36DB4700E3260D;
			productRefGroup = 815D8F8D1B36DB4700E3260D /* Products */;
			projectDirPath = "";
			projectRoot = "";
			targets = (
				815D8F8B1B36DB4700E3260D /* Condition ViewController */,
				815D8FA41B36DB4700E3260D /* Condition ViewControllerTests */,
			);
		};
/* End PBXProject section */

/* Begin PBXResourcesBuildPhase section */
		815D8F8A1B36DB4700E3260D /* Resources */ = {
			isa = PBXResourcesBuildPhase;
			buildActionMask = 2147483647;
			files = (
				815D8F9B1B36DB4700E3260D /* Main.storyboard in Resources */,
				815D8FA01B36DB4700E3260D /* LaunchScreen.xib in Resources */,
				815D8F9D1B36DB4700E3260D /* Images.xcassets in Resources */,
			);
			runOnlyForDeploymentPostprocessing = 0;
		};
		815D8FA31B36DB4700E3260D /* Resources */ = {
			isa = PBXResourcesBuildPhase;
			buildActionMask = 2147483647;
			files = (
			);
			runOnlyForDeploymentPostprocessing = 0;
		};
/* End PBXResourcesBuildPhase section */

/* Begin PBXSourcesBuildPhase section */
		815D8F881B36DB4700E3260D /* Sources */ = {
			isa = PBXSourcesBuildPhase;
			buildActionMask = 2147483647;
			files = (
				811C28F21B38530300FE5B06 /* BarrierViewController.m in Sources */,
				815D8FBD1B36EB5600E3260D /* SecondViewController.m in Sources */,
				815D8FBA1B36EA9C00E3260D /* FirstViewController.m in Sources */,
				811C28EC1B384DEC00FE5B06 /* LoginViewController.m in Sources */,
				815D8F951B36DB4700E3260D /* AppDelegate.m in Sources */,
				811C28F31B38530300FE5B06 /* DCViewController.m in Sources */,
				815D8F921B36DB4700E3260D /* main.m in Sources */,
			);
			runOnlyForDeploymentPostprocessing = 0;
		};
		815D8FA11B36DB4700E3260D /* Sources */ = {
			isa = PBXSourcesBuildPhase;
			buildActionMask = 2147483647;
			files = (
				815D8FAC1B36DB4700E3260D /* Condition_ViewControllerTests.m in Sources */,
			);
			runOnlyForDeploymentPostprocessing = 0;
		};
/* End PBXSourcesBuildPhase section */

/* Begin PBXTargetDependency section */
		815D8FA71B36DB4700E3260D /* PBXTargetDependency */ = {
			isa = PBXTargetDependency;
			target = 815D8F8B1B36DB4700E3260D /* Condition ViewController */;
			targetProxy = 815D8FA61B36DB4700E3260D /* PBXContainerItemProxy */;
		};
/* End PBXTargetDependency section */

/* Begin PBXVariantGroup section */
		815D8F991B36DB4700E3260D /* Main.storyboard */ = {
			isa = PBXVariantGroup;
			children = (
				815D8F9A1B36DB4700E3260D /* Base */,
			);
			name = Main.storyboard;
			sourceTree = "<group>";
		};
		815D8F9E1B36DB4700E3260D /* LaunchScreen.xib */ = {
			isa = PBXVariantGroup;
			children = (
				815D8F9F1B36DB4700E3260D /* Base */,
			);
			name = LaunchScreen.xib;
			sourceTree = "<group>";
		};
/* End PBXVariantGroup section */

/* Begin XCBuildConfiguration section */
		815D8FAD1B36DB4700E3260D /* Debug */ = {
			isa = XCBuildConfiguration;
			buildSettings = {
				ALWAYS_SEARCH_USER_PATHS = NO;
				CLANG_CXX_LANGUAGE_STANDARD = "gnu++0x";
				CLANG_CXX_LIBRARY = "libc++";
				CLANG_ENABLE_MODULES = YES;
				CLANG_ENABLE_OBJC_ARC = YES;
				CLANG_WARN_BOOL_CONVERSION = YES;
				CLANG_WARN_CONSTANT_CONVERSION = YES;
				CLANG_WARN_DIRECT_OBJC_ISA_USAGE = YES_ERROR;
				CLANG_WARN_EMPTY_BODY = YES;
				CLANG_WARN_ENUM_CONVERSION = YES;
				CLANG_WARN_INT_CONVERSION = YES;
				CLANG_WARN_OBJC_ROOT_CLASS = YES_ERROR;
				CLANG_WARN_UNREACHABLE_CODE = YES;
				CLANG_WARN__DUPLICATE_METHOD_MATCH = YES;
				"CODE_SIGN_IDENTITY[sdk=iphoneos*]" = "iPhone Developer";
				COPY_PHASE_STRIP = NO;
				DEBUG_INFORMATION_FORMAT = "dwarf-with-dsym";
				ENABLE_STRICT_OBJC_MSGSEND = YES;
				GCC_C_LANGUAGE_STANDARD = gnu99;
				GCC_DYNAMIC_NO_PIC = NO;
				GCC_NO_COMMON_BLOCKS = YES;
				GCC_OPTIMIZATION_LEVEL = 0;
				GCC_PREPROCESSOR_DEFINITIONS = (
					"DEBUG=1",
					"$(inherited)",
				);
				GCC_SYMBOLS_PRIVATE_EXTERN = NO;
				GCC_WARN_64_TO_32_BIT_CONVERSION = YES;
				GCC_WARN_ABOUT_RETURN_TYPE = YES_ERROR;
				GCC_WARN_UNDECLARED_SELECTOR = YES;
				GCC_WARN_UNINITIALIZED_AUTOS = YES_AGGRESSIVE;
				GCC_WARN_UNUSED_FUNCTION = YES;
				GCC_WARN_UNUSED_VARIABLE = YES;
				IPHONEOS_DEPLOYMENT_TARGET = 8.3;
				MTL_ENABLE_DEBUG_INFO = YES;
				ONLY_ACTIVE_ARCH = YES;
				SDKROOT = iphoneos;
			};
			name = Debug;
		};
		815D8FAE1B36DB4700E3260D /* Release */ = {
			isa = XCBuildConfiguration;
			buildSettings = {
				ALWAYS_SEARCH_USER_PATHS = NO;
				CLANG_CXX_LANGUAGE_STANDARD = "gnu++0x";
				CLANG_CXX_LIBRARY = "libc++";
				CLANG_ENABLE_MODULES = YES;
				CLANG_ENABLE_OBJC_ARC = YES;
				CLANG_WARN_BOOL_CONVERSION = YES;
				CLANG_WARN_CONSTANT_CONVERSION = YES;
				CLANG_WARN_DIRECT_OBJC_ISA_USAGE = YES_ERROR;
				CLANG_WARN_EMPTY_BODY = YES;
				CLANG_WARN_ENUM_CONVERSION = YES;
				CLANG_WARN_INT_CONVERSION = YES;
				CLANG_WARN_OBJC_ROOT_CLASS = YES_ERROR;
				CLANG_WARN_UNREACHABLE_CODE = YES;
				CLANG_WARN__DUPLICATE_METHOD_MATCH = YES;
				"CODE_SIGN_IDENTITY[sdk=iphoneos*]" = "iPhone Developer";
				COPY_PHASE_STRIP = NO;
				DEBUG_INFORMATION_FORMAT = "dwarf-with-dsym";
				ENABLE_NS_ASSERTIONS = NO;
				ENABLE_STRICT_OBJC_MSGSEND = YES;
				GCC_C_LANGUAGE_STANDARD = gnu99;
				GCC_NO_COMMON_BLOCKS = YES;
				GCC_WARN_64_TO_32_BIT_CONVERSION = YES;
				GCC_WARN_ABOUT_RETURN_TYPE = YES_ERROR;
				GCC_WARN_UNDECLARED_SELECTOR = YES;
				GCC_WARN_UNINITIALIZED_AUTOS = YES_AGGRESSIVE;
				GCC_WARN_UNUSED_FUNCTION = YES;
				GCC_WARN_UNUSED_VARIABLE = YES;
				IPHONEOS_DEPLOYMENT_TARGET = 8.3;
				MTL_ENABLE_DEBUG_INFO = NO;
				SDKROOT = iphoneos;
				VALIDATE_PRODUCT = YES;
			};
			name = Release;
		};
		815D8FB01B36DB4700E3260D /* Debug */ = {
			isa = XCBuildConfiguration;
			buildSettings = {
				ASSETCATALOG_COMPILER_APPICON_NAME = AppIcon;
				INFOPLIST_FILE = "Condition ViewController/Info.plist";
				LD_RUNPATH_SEARCH_PATHS = "$(inherited) @executable_path/Frameworks";
				PRODUCT_NAME = "$(TARGET_NAME)";
			};
			name = Debug;
		};
		815D8FB11B36DB4700E3260D /* Release */ = {
			isa = XCBuildConfiguration;
			buildSettings = {
				ASSETCATALOG_COMPILER_APPICON_NAME = AppIcon;
				INFOPLIST_FILE = "Condition ViewController/Info.plist";
				LD_RUNPATH_SEARCH_PATHS = "$(inherited) @executable_path/Frameworks";
				PRODUCT_NAME = "$(TARGET_NAME)";
			};
			name = Release;
		};
		815D8FB31B36DB4700E3260D /* Debug */ = {
			isa = XCBuildConfiguration;
			buildSettings = {
				BUNDLE_LOADER = "$(TEST_HOST)";
				FRAMEWORK_SEARCH_PATHS = (
					"$(SDKROOT)/Developer/Library/Frameworks",
					"$(inherited)",
				);
				GCC_PREPROCESSOR_DEFINITIONS = (
					"DEBUG=1",
					"$(inherited)",
				);
				INFOPLIST_FILE = "Condition ViewControllerTests/Info.plist";
				LD_RUNPATH_SEARCH_PATHS = "$(inherited) @executable_path/Frameworks @loader_path/Frameworks";
				PRODUCT_NAME = "$(TARGET_NAME)";
				TEST_HOST = "$(BUILT_PRODUCTS_DIR)/Condition ViewController.app/Condition ViewController";
			};
			name = Debug;
		};
		815D8FB41B36DB4700E3260D /* Release */ = {
			isa = XCBuildConfiguration;
			buildSettings = {
				BUNDLE_LOADER = "$(TEST_HOST)";
				FRAMEWORK_SEARCH_PATHS = (
					"$(SDKROOT)/Developer/Library/Frameworks",
					"$(inherited)",
				);
				INFOPLIST_FILE = "Condition ViewControllerTests/Info.plist";
				LD_RUNPATH_SEARCH_PATHS = "$(inherited) @executable_path/Frameworks @loader_path/Frameworks";
				PRODUCT_NAME = "$(TARGET_NAME)";
				TEST_HOST = "$(BUILT_PRODUCTS_DIR)/Condition ViewController.app/Condition ViewController";
			};
			name = Release;
		};
/* End XCBuildConfiguration section */

/* Begin XCConfigurationList section */
		815D8F871B36DB4700E3260D /* Build configuration list for PBXProject "Condition ViewController" */ = {
			isa = XCConfigurationList;
			buildConfigurations = (
				815D8FAD1B36DB4700E3260D /* Debug */,
				815D8FAE1B36DB4700E3260D /* Release */,
			);
			defaultConfigurationIsVisible = 0;
			defaultConfigurationName = Release;
		};
		815D8FAF1B36DB4700E3260D /* Build configuration list for PBXNativeTarget "Condition ViewController" */ = {
			isa = XCConfigurationList;
			buildConfigurations = (
				815D8FB01B36DB4700E3260D /* Debug */,
				815D8FB11B36DB4700E3260D /* Release */,
			);
			defaultConfigurationIsVisible = 0;
			defaultConfigurationName = Release;
		};
		815D8FB21B36DB4700E3260D /* Build configuration list for PBXNativeTarget "Condition ViewControllerTests" */ = {
			isa = XCConfigurationList;
			buildConfigurations = (
				815D8FB31B36DB4700E3260D /* Debug */,
				815D8FB41B36DB4700E3260D /* Release */,
			);
			defaultConfigurationIsVisible = 0;
			defaultConfigurationName = Release;
		};
/* End XCConfigurationList section */
	};
	rootObject = 815D8F841B36DB4700E3260D /* Project object */;
}
